{
  "name": "--legacy-peer-deps",
  "lockfileVersion": 3,
  "requires": true,
  "packages": {
    "": {
      "dependencies": {
        "mobile": "^0.0.1"
      }
    },
    "node_modules/mobile": {
      "version": "0.0.1",
      "resolved": "https://registry.npmjs.org/mobile/-/mobile-0.0.1.tgz",
      "integrity": "sha512-xBHkueS8X+vg7R9EdMpHz8N8hmJ2TxP8FuXmR9E+48xdWEOz8w2EMURg7vy2coDQ6oIB285SSAKGCDdcki++cg==",
      "license": "TBD"
    }
  }
}
